{
  "name": "js_integrador",
  "version": "1.0.0",
  "lockfileVersion": 3,
  "requires": true,
  "packages": {
    "": {
      "name": "js_integrador",
      "version": "1.0.0",
      "license": "ISC",
      "dependencies": {
        "dotenv": "^17.3.1",
        "readline-sync": "^1.4.10"
      }
    },
    "node_modules/dotenv": {
      "version": "17.3.1",
      "resolved": "https://registry.npmmirror.com/dotenv/-/dotenv-17.3.1.tgz",
      "integrity": "sha512-IO8C/dzEb6O3F9/twg6ZLXz164a2fhTnEWb95H23Dm4OuN+92NmEAlTrupP9VW6Jm3sO26tQlqyvyi4CsnY9GA==",
      "license": "BSD-2-Clause",
      "engines": {
        "node": ">=12"
      },
      "funding": {
        "url": "https://dotenvx.com"
      }
    },
    "node_modules/readline-sync": {
      "version": "1.4.10",
      "resolved": "https://registry.npmmirror.com/readline-sync/-/readline-sync-1.4.10.tgz",
      "integrity": "sha512-gNva8/6UAe8QYepIQH/jQ2qn91Qj0B9sYjMBBs3QOB8F2CXcKgLxQaJRP76sWVRQt+QU+8fAkCbCvjjMFu7Ycw==",
      "license": "MIT",
      "engines": {
        "node": ">= 0.8.0"
      }
    }
  }
}
